
Microsoft Visual Studio Solution File, Format Version 12.00
# Visual Studio Version 17
VisualStudioVersion = 17.10.35027.167
MinimumVisualStudioVersion = 10.0.40219.1
Project("{9A19103F-16F7-4668-BE54-9A1E7A4F7556}") = "FlexyboxBlog", "FlexyboxBlog\FlexyboxBlog.csproj", "{9EF84430-E5FF-43FB-8707-C04E0F496E95}"
EndProject
Project("{9A19103F-16F7-4668-BE54-9A1E7A4F7556}") = "FlexyboxBlogRazor", "FlexyboxBlogRazor\FlexyboxBlogRazor\FlexyboxBlogRazor.csproj", "{96A5BB4F-1602-4243-92EB-2395A5F802C0}"
EndProject
Project("{9A19103F-16F7-4668-BE54-9A1E7A4F7556}") = "FlexyboxBlogRazor.Client", "FlexyboxBlogRazor\FlexyboxBlogRazor.Client\FlexyboxBlogRazor.Client.csproj", "{B27ACCDA-51C9-44D4-B189-C2DE31187153}"
EndProject
Project("{9A19103F-16F7-4668-BE54-9A1E7A4F7556}") = "FlexyboxShared", "FlexyboxShared\FlexyboxShared.csproj", "{26AD1B78-6113-4341-A993-FFA1721D2F6F}"
EndProject
Project("{2150E333-8FDC-42A3-9474-1A3956D46DE8}") = "Solution Items", "Solution Items", "{69B153C3-8DFD-48BD-BF15-FDD0EBCC96F4}"
	ProjectSection(SolutionItems) = preProject
		docker-compose.yml = docker-compose.yml
		Dockerfile.sqlserver = Dockerfile.sqlserver
		README.md = README.md
	EndProjectSection
EndProject
Project("{2150E333-8FDC-42A3-9474-1A3956D46DE8}") = "certs", "certs", "{73087780-948E-47F9-811F-B29F8437F84E}"
	ProjectSection(SolutionItems) = preProject
		certs\dockercert.crt = certs\dockercert.crt
		certs\dockercert.key = certs\dockercert.key
		certs\dockercert.pfx = certs\dockercert.pfx
	EndProjectSection
EndProject
Project("{2150E333-8FDC-42A3-9474-1A3956D46DE8}") = "mssql-init", "mssql-init", "{E7F24A44-4549-40AE-9F8E-B0BEB5DE2647}"
	ProjectSection(SolutionItems) = preProject
		mssql-init\BlogPostsDb.bak = mssql-init\BlogPostsDb.bak
		mssql-init\init.sql = mssql-init\init.sql
	EndProjectSection
EndProject
Global
	GlobalSection(SolutionConfigurationPlatforms) = preSolution
		Debug|Any CPU = Debug|Any CPU
		Release|Any CPU = Release|Any CPU
	EndGlobalSection
	GlobalSection(ProjectConfigurationPlatforms) = postSolution
		{9EF84430-E5FF-43FB-8707-C04E0F496E95}.Debug|Any CPU.ActiveCfg = Debug|Any CPU
		{9EF84430-E5FF-43FB-8707-C04E0F496E95}.Debug|Any CPU.Build.0 = Debug|Any CPU
		{9EF84430-E5FF-43FB-8707-C04E0F496E95}.Release|Any CPU.ActiveCfg = Release|Any CPU
		{9EF84430-E5FF-43FB-8707-C04E0F496E95}.Release|Any CPU.Build.0 = Release|Any CPU
		{96A5BB4F-1602-4243-92EB-2395A5F802C0}.Debug|Any CPU.ActiveCfg = Debug|Any CPU
		{96A5BB4F-1602-4243-92EB-2395A5F802C0}.Debug|Any CPU.Build.0 = Debug|Any CPU
		{96A5BB4F-1602-4243-92EB-2395A5F802C0}.Release|Any CPU.ActiveCfg = Release|Any CPU
		{96A5BB4F-1602-4243-92EB-2395A5F802C0}.Release|Any CPU.Build.0 = Release|Any CPU
		{B27ACCDA-51C9-44D4-B189-C2DE31187153}.Debug|Any CPU.ActiveCfg = Debug|Any CPU
		{B27ACCDA-51C9-44D4-B189-C2DE31187153}.Debug|Any CPU.Build.0 = Debug|Any CPU
		{B27ACCDA-51C9-44D4-B189-C2DE31187153}.Release|Any CPU.ActiveCfg = Release|Any CPU
		{B27ACCDA-51C9-44D4-B189-C2DE31187153}.Release|Any CPU.Build.0 = Release|Any CPU
		{26AD1B78-6113-4341-A993-FFA1721D2F6F}.Debug|Any CPU.ActiveCfg = Debug|Any CPU
		{26AD1B78-6113-4341-A993-FFA1721D2F6F}.Debug|Any CPU.Build.0 = Debug|Any CPU
		{26AD1B78-6113-4341-A993-FFA1721D2F6F}.Release|Any CPU.ActiveCfg = Release|Any CPU
		{26AD1B78-6113-4341-A993-FFA1721D2F6F}.Release|Any CPU.Build.0 = Release|Any CPU
	EndGlobalSection
	GlobalSection(SolutionProperties) = preSolution
		HideSolutionNode = FALSE
	EndGlobalSection
	GlobalSection(ExtensibilityGlobals) = postSolution
		SolutionGuid = {12669044-2395-4D14-A521-CA72B0C9116A}
	EndGlobalSection
EndGlobal
